
Microsoft Visual Studio Solution File, Format Version 12.00
# Visual Studio Version 16
VisualStudioVersion = 16.0.31910.167
MinimumVisualStudioVersion = 10.0.40219.1
Project("{FAE04EC0-301F-11D3-BF4B-00C04F79EFBC}") = "WebAppDotnetCore", "WebAppDotnetCore.csproj", "{B5B5FAA9-0CDA-4389-8BB8-080C3CDBC151}"
EndProject
Global
	GlobalSection(SolutionConfigurationPlatforms) = preSolution
		Debug|Any CPU = Debug|Any CPU
		Release|Any CPU = Release|Any CPU
	EndGlobalSection
	GlobalSection(ProjectConfigurationPlatforms) = postSolution
		{B5B5FAA9-0CDA-4389-8BB8-080C3CDBC151}.Debug|Any CPU.ActiveCfg = Debug|Any CPU
		{B5B5FAA9-0CDA-4389-8BB8-080C3CDBC151}.Debug|Any CPU.Build.0 = Debug|Any CPU
		{B5B5FAA9-0CDA-4389-8BB8-080C3CDBC151}.Release|Any CPU.ActiveCfg = Release|Any CPU
		{B5B5FAA9-0CDA-4389-8BB8-080C3CDBC151}.Release|Any CPU.Build.0 = Release|Any CPU
	EndGlobalSection
	GlobalSection(SolutionProperties) = preSolution
		HideSolutionNode = FALSE
	EndGlobalSection
	GlobalSection(ExtensibilityGlobals) = postSolution
		SolutionGuid = {DD54A1B5-19D2-462E-A340-90E0FD396BA9}
	EndGlobalSection
EndGlobal
